// !$*UTF8*$!
{
	archiveVersion = 1;
	classes = {
	};
	objectVersion = 46;
	objects = {

/* Begin PBXBuildFile section */
		357C6DB4153D39CC00C3EDDB /* UIKit.framework in Frameworks */ = {isa = PBXBuildFile; fileRef = 357C6DB3153D39CC00C3EDDB /* UIKit.framework */; };
		357C6DB6153D39CC00C3EDDB /* Foundation.framework in Frameworks */ = {isa = PBXBuildFile; fileRef = 357C6DB5153D39CC00C3EDDB /* Foundation.framework */; };
		357C6DB8153D39CC00C3EDDB /* CoreGraphics.framework in Frameworks */ = {isa = PBXBuildFile; fileRef = 357C6DB7153D39CC00C3EDDB /* CoreGraphics.framework */; };
		357C6DBE153D39CC00C3EDDB /* InfoPlist.strings in Resources */ = {isa = PBXBuildFile; fileRef = 357C6DBC153D39CC00C3EDDB /* InfoPlist.strings */; };
		357C6DC0153D39CC00C3EDDB /* main.m in Sources */ = {isa = PBXBuildFile; fileRef = 357C6DBF153D39CC00C3EDDB /* main.m */; };
		357C6DC4153D39CC00C3EDDB /* AppDelegate.m in Sources */ = {isa = PBXBuildFile; fileRef = 357C6DC3153D39CC00C3EDDB /* AppDelegate.m */; };
		357C6DCA153D39CC00C3EDDB /* ViewController.xib in Resources */ = {isa = PBXBuildFile; fileRef = 357C6DC8153D39CC00C3EDDB /* ViewController.xib */; };
		357C6DE3153D3A2000C3EDDB /* ixPickerOverlayGlass.png in Resources */ = {isa = PBXBuildFile; fileRef = 357C6DD5153D3A2000C3EDDB /* ixPickerOverlayGlass.png */; };
		357C6DE4153D3A2000C3EDDB /* ixPickerOverlayGlass@2x.png in Resources */ = {isa = PBXBuildFile; fileRef = 357C6DD6153D3A2000C3EDDB /* ixPickerOverlayGlass@2x.png */; };
		357C6DE5153D3A2000C3EDDB /* ixPickerOverlayLeftPane.png in Resources */ = {isa = PBXBuildFile; fileRef = 357C6DD7153D3A2000C3EDDB /* ixPickerOverlayLeftPane.png */; };
		357C6DE6153D3A2000C3EDDB /* ixPickerOverlayLeftPane@2x.png in Resources */ = {isa = PBXBuildFile; fileRef = 357C6DD8153D3A2000C3EDDB /* ixPickerOverlayLeftPane@2x.png */; };
		357C6DE7153D3A2000C3EDDB /* ixPickerOverlayRightPane.png in Resources */ = {isa = PBXBuildFile; fileRef = 357C6DD9153D3A2000C3EDDB /* ixPickerOverlayRightPane.png */; };
		357C6DE8153D3A2000C3EDDB /* ixPickerOverlayRightPane@2x.png in Resources */ = {isa = PBXBuildFile; fileRef = 357C6DDA153D3A2000C3EDDB /* ixPickerOverlayRightPane@2x.png */; };
		357C6DE9153D3A2000C3EDDB /* ixPickerOverlaySectionsSeparator.png in Resources */ = {isa = PBXBuildFile; fileRef = 357C6DDB153D3A2000C3EDDB /* ixPickerOverlaySectionsSeparator.png */; };
		357C6DEA153D3A2000C3EDDB /* ixPickerOverlaySectionsSeparator@2x.png in Resources */ = {isa = PBXBuildFile; fileRef = 357C6DDC153D3A2000C3EDDB /* ixPickerOverlaySectionsSeparator@2x.png */; };
		357C6DEB153D3A2000C3EDDB /* ixPickerOverlaySectionWheel.png in Resources */ = {isa = PBXBuildFile; fileRef = 357C6DDD153D3A2000C3EDDB /* ixPickerOverlaySectionWheel.png */; };
		357C6DEC153D3A2000C3EDDB /* ixPickerOverlaySectionWheel@2x.png in Resources */ = {isa = PBXBuildFile; fileRef = 357C6DDE153D3A2000C3EDDB /* ixPickerOverlaySectionWheel@2x.png */; };
		357C6DED153D3A2000C3EDDB /* ixPickerOverlayTexture.png in Resources */ = {isa = PBXBuildFile; fileRef = 357C6DDF153D3A2000C3EDDB /* ixPickerOverlayTexture.png */; };
		357C6DEE153D3A2000C3EDDB /* ixPickerOverlayTexture@2x.png in Resources */ = {isa = PBXBuildFile; fileRef = 357C6DE0153D3A2000C3EDDB /* ixPickerOverlayTexture@2x.png */; };
		357C6DEF153D3A2000C3EDDB /* IXPickerOverlayView.m in Sources */ = {isa = PBXBuildFile; fileRef = 357C6DE2153D3A2000C3EDDB /* IXPickerOverlayView.m */; };
		357C6DF2153D3D6300C3EDDB /* QuartzCore.framework in Frameworks */ = {isa = PBXBuildFile; fileRef = 357C6DF1153D3D6300C3EDDB /* QuartzCore.framework */; };
		B6D55096155B77450095FFBC /* CustomControllsTableViewController.m in Sources */ = {isa = PBXBuildFile; fileRef = B6D55094155B77450095FFBC /* CustomControllsTableViewController.m */; };
		B6D550B1155B888E0095FFBC /* IXActionSheetController.m in Sources */ = {isa = PBXBuildFile; fileRef = B6D550B0155B888E0095FFBC /* IXActionSheetController.m */; };
		B6D550B4155B88D30095FFBC /* ActionSheetController.m in Sources */ = {isa = PBXBuildFile; fileRef = B6D550B3155B88D30095FFBC /* ActionSheetController.m */; };
		B6D550D6155B95650095FFBC /* CoreGraphicsUtils.m in Sources */ = {isa = PBXBuildFile; fileRef = B6D550D3155B95650095FFBC /* CoreGraphicsUtils.m */; };
		B6D550D7155B95650095FFBC /* IXColorPickerView.m in Sources */ = {isa = PBXBuildFile; fileRef = B6D550D5155B95650095FFBC /* IXColorPickerView.m */; };
		B6D550E8155B9D980095FFBC /* blackCircle.png in Resources */ = {isa = PBXBuildFile; fileRef = B6D550E2155B9D980095FFBC /* blackCircle.png */; };
		B6D550E9155B9D980095FFBC /* blackCircle@2x.png in Resources */ = {isa = PBXBuildFile; fileRef = B6D550E3155B9D980095FFBC /* blackCircle@2x.png */; };
		B6D550EA155B9D980095FFBC /* colorCircle.png in Resources */ = {isa = PBXBuildFile; fileRef = B6D550E4155B9D980095FFBC /* colorCircle.png */; };
		B6D550EB155B9D980095FFBC /* colorCircle@2x.png in Resources */ = {isa = PBXBuildFile; fileRef = B6D550E5155B9D980095FFBC /* colorCircle@2x.png */; };
		B6D550EC155B9D980095FFBC /* colorSelection.png in Resources */ = {isa = PBXBuildFile; fileRef = B6D550E6155B9D980095FFBC /* colorSelection.png */; };
		B6D550ED155B9D980095FFBC /* colorSelection@2x.png in Resources */ = {isa = PBXBuildFile; fileRef = B6D550E7155B9D980095FFBC /* colorSelection@2x.png */; };
		B6D550F0155BA03A0095FFBC /* ColorPickerControllerViewController.m in Sources */ = {isa = PBXBuildFile; fileRef = B6D550EF155BA03A0095FFBC /* ColorPickerControllerViewController.m */; };
		B6D550F4155BA6FF0095FFBC /* brightnessSlider.png in Resources */ = {isa = PBXBuildFile; fileRef = B6D550F1155BA6FF0095FFBC /* brightnessSlider.png */; };
		B6D550F5155BA6FF0095FFBC /* brightnessSlider@2x.png in Resources */ = {isa = PBXBuildFile; fileRef = B6D550F2155BA6FF0095FFBC /* brightnessSlider@2x.png */; };
		B6D550F6155BA6FF0095FFBC /* gradient.png in Resources */ = {isa = PBXBuildFile; fileRef = B6D550F3155BA6FF0095FFBC /* gradient.png */; };
		B6D55100155BC5E20095FFBC /* BrightnessSliderView.m in Sources */ = {isa = PBXBuildFile; fileRef = B6D550FF155BC5E20095FFBC /* BrightnessSliderView.m */; };
		B6D55102155BD9420095FFBC /* CustomControllsTableView.storyboard in Resources */ = {isa = PBXBuildFile; fileRef = B6D55101155BD9420095FFBC /* CustomControllsTableView.storyboard */; };
/* End PBXBuildFile section */

/* Begin PBXFileReference section */
		357C6DAF153D39CC00C3EDDB /* PickerOverlaySample.app */ = {isa = PBXFileReference; explicitFileType = wrapper.application; includeInIndex = 0; path = PickerOverlaySample.app; sourceTree = BUILT_PRODUCTS_DIR; };
		357C6DB3153D39CC00C3EDDB /* UIKit.framework */ = {isa = PBXFileReference; lastKnownFileType = wrapper.framework; name = UIKit.framework; path = System/Library/Frameworks/UIKit.framework; sourceTree = SDKROOT; };
		357C6DB5153D39CC00C3EDDB /* Foundation.framework */ = {isa = PBXFileReference; lastKnownFileType = wrapper.framework; name = Foundation.framework; path = System/Library/Frameworks/Foundation.framework; sourceTree = SDKROOT; };
		357C6DB7153D39CC00C3EDDB /* CoreGraphics.framework */ = {isa = PBXFileReference; lastKnownFileType = wrapper.framework; name = CoreGraphics.framework; path = System/Library/Frameworks/CoreGraphics.framework; sourceTree = SDKROOT; };
		357C6DBB153D39CC00C3EDDB /* PickerOverlaySample-Info.plist */ = {isa = PBXFileReference; lastKnownFileType = text.plist.xml; path = "PickerOverlaySample-Info.plist"; sourceTree = "<group>"; };
		357C6DBD153D39CC00C3EDDB /* en */ = {isa = PBXFileReference; lastKnownFileType = text.plist.strings; name = en; path = en.lproj/InfoPlist.strings; sourceTree = "<group>"; };
		357C6DBF153D39CC00C3EDDB /* main.m */ = {isa = PBXFileReference; lastKnownFileType = sourcecode.c.objc; path = main.m; sourceTree = "<group>"; };
		357C6DC1153D39CC00C3EDDB /* PickerOverlaySample-Prefix.pch */ = {isa = PBXFileReference; lastKnownFileType = sourcecode.c.h; path = "PickerOverlaySample-Prefix.pch"; sourceTree = "<group>"; };
		357C6DC2153D39CC00C3EDDB /* AppDelegate.h */ = {isa = PBXFileReference; lastKnownFileType = sourcecode.c.h; path = AppDelegate.h; sourceTree = "<group>"; };
		357C6DC3153D39CC00C3EDDB /* AppDelegate.m */ = {isa = PBXFileReference; lastKnownFileType = sourcecode.c.objc; path = AppDelegate.m; sourceTree = "<group>"; };
		357C6DC9153D39CC00C3EDDB /* en */ = {isa = PBXFileReference; lastKnownFileType = file.xib; name = en; path = en.lproj/ViewController.xib; sourceTree = "<group>"; };
		357C6DD5153D3A2000C3EDDB /* ixPickerOverlayGlass.png */ = {isa = PBXFileReference; lastKnownFileType = image.png; path = ixPickerOverlayGlass.png; sourceTree = "<group>"; };
		357C6DD6153D3A2000C3EDDB /* ixPickerOverlayGlass@2x.png */ = {isa = PBXFileReference; lastKnownFileType = image.png; path = "ixPickerOverlayGlass@2x.png"; sourceTree = "<group>"; };
		357C6DD7153D3A2000C3EDDB /* ixPickerOverlayLeftPane.png */ = {isa = PBXFileReference; lastKnownFileType = image.png; path = ixPickerOverlayLeftPane.png; sourceTree = "<group>"; };
		357C6DD8153D3A2000C3EDDB /* ixPickerOverlayLeftPane@2x.png */ = {isa = PBXFileReference; lastKnownFileType = image.png; path = "ixPickerOverlayLeftPane@2x.png"; sourceTree = "<group>"; };
		357C6DD9153D3A2000C3EDDB /* ixPickerOverlayRightPane.png */ = {isa = PBXFileReference; lastKnownFileType = image.png; path = ixPickerOverlayRightPane.png; sourceTree = "<group>"; };
		357C6DDA153D3A2000C3EDDB /* ixPickerOverlayRightPane@2x.png */ = {isa = PBXFileReference; lastKnownFileType = image.png; path = "ixPickerOverlayRightPane@2x.png"; sourceTree = "<group>"; };
		357C6DDB153D3A2000C3EDDB /* ixPickerOverlaySectionsSeparator.png */ = {isa = PBXFileReference; lastKnownFileType = image.png; path = ixPickerOverlaySectionsSeparator.png; sourceTree = "<group>"; };
		357C6DDC153D3A2000C3EDDB /* ixPickerOverlaySectionsSeparator@2x.png */ = {isa = PBXFileReference; lastKnownFileType = image.png; path = "ixPickerOverlaySectionsSeparator@2x.png"; sourceTree = "<group>"; };
		357C6DDD153D3A2000C3EDDB /* ixPickerOverlaySectionWheel.png */ = {isa = PBXFileReference; lastKnownFileType = image.png; path = ixPickerOverlaySectionWheel.png; sourceTree = "<group>"; };
		357C6DDE153D3A2000C3EDDB /* ixPickerOverlaySectionWheel@2x.png */ = {isa = PBXFileReference; lastKnownFileType = image.png; path = "ixPickerOverlaySectionWheel@2x.png"; sourceTree = "<group>"; };
		357C6DDF153D3A2000C3EDDB /* ixPickerOverlayTexture.png */ = {isa = PBXFileReference; lastKnownFileType = image.png; path = ixPickerOverlayTexture.png; sourceTree = "<group>"; };
		357C6DE0153D3A2000C3EDDB /* ixPickerOverlayTexture@2x.png */ = {isa = PBXFileReference; lastKnownFileType = image.png; path = "ixPickerOverlayTexture@2x.png"; sourceTree = "<group>"; };
		357C6DE1153D3A2000C3EDDB /* IXPickerOverlayView.h */ = {isa = PBXFileReference; fileEncoding = 4; lastKnownFileType = sourcecode.c.h; path = IXPickerOverlayView.h; sourceTree = "<group>"; };
		357C6DE2153D3A2000C3EDDB /* IXPickerOverlayView.m */ = {isa = PBXFileReference; fileEncoding = 4; lastKnownFileType = sourcecode.c.objc; path = IXPickerOverlayView.m; sourceTree = "<group>"; };
		357C6DF1153D3D6300C3EDDB /* QuartzCore.framework */ = {isa = PBXFileReference; lastKnownFileType = wrapper.framework; name = QuartzCore.framework; path = System/Library/Frameworks/QuartzCore.framework; sourceTree = SDKROOT; };
		B6D55093155B77450095FFBC /* CustomControllsTableViewController.h */ = {isa = PBXFileReference; fileEncoding = 4; lastKnownFileType = sourcecode.c.h; path = CustomControllsTableViewController.h; sourceTree = "<group>"; };
		B6D55094155B77450095FFBC /* CustomControllsTableViewController.m */ = {isa = PBXFileReference; fileEncoding = 4; lastKnownFileType = sourcecode.c.objc; path = CustomControllsTableViewController.m; sourceTree = "<group>"; };
		B6D550A5155B79400095FFBC /* DatePickerController.h */ = {isa = PBXFileReference; lastKnownFileType = sourcecode.c.h; path = DatePickerController.h; sourceTree = "<group>"; };
		B6D550A6155B79400095FFBC /* DatePickerController.m */ = {isa = PBXFileReference; lastKnownFileType = sourcecode.c.objc; path = DatePickerController.m; sourceTree = "<group>"; };
		B6D550A7155B79400095FFBC /* DatePickerController.xib */ = {isa = PBXFileReference; lastKnownFileType = file.xib; path = DatePickerController.xib; sourceTree = "<group>"; };
		B6D550AF155B888E0095FFBC /* IXActionSheetController.h */ = {isa = PBXFileReference; fileEncoding = 4; lastKnownFileType = sourcecode.c.h; path = IXActionSheetController.h; sourceTree = "<group>"; };
		B6D550B0155B888E0095FFBC /* IXActionSheetController.m */ = {isa = PBXFileReference; fileEncoding = 4; lastKnownFileType = sourcecode.c.objc; path = IXActionSheetController.m; sourceTree = "<group>"; };
		B6D550B2155B88D30095FFBC /* ActionSheetController.h */ = {isa = PBXFileReference; fileEncoding = 4; lastKnownFileType = sourcecode.c.h; path = ActionSheetController.h; sourceTree = "<group>"; };
		B6D550B3155B88D30095FFBC /* ActionSheetController.m */ = {isa = PBXFileReference; fileEncoding = 4; lastKnownFileType = sourcecode.c.objc; path = ActionSheetController.m; sourceTree = "<group>"; };
		B6D550D2155B95650095FFBC /* CoreGraphicsUtils.h */ = {isa = PBXFileReference; fileEncoding = 4; lastKnownFileType = sourcecode.c.h; path = CoreGraphicsUtils.h; sourceTree = "<group>"; };
		B6D550D3155B95650095FFBC /* CoreGraphicsUtils.m */ = {isa = PBXFileReference; fileEncoding = 4; lastKnownFileType = sourcecode.c.objc; path = CoreGraphicsUtils.m; sourceTree = "<group>"; };
		B6D550D4155B95650095FFBC /* IXColorPickerView.h */ = {isa = PBXFileReference; fileEncoding = 4; lastKnownFileType = sourcecode.c.h; path = IXColorPickerView.h; sourceTree = "<group>"; };
		B6D550D5155B95650095FFBC /* IXColorPickerView.m */ = {isa = PBXFileReference; fileEncoding = 4; lastKnownFileType = sourcecode.c.objc; path = IXColorPickerView.m; sourceTree = "<group>"; };
		B6D550E2155B9D980095FFBC /* blackCircle.png */ = {isa = PBXFileReference; lastKnownFileType = image.png; path = blackCircle.png; sourceTree = "<group>"; };
		B6D550E3155B9D980095FFBC /* blackCircle@2x.png */ = {isa = PBXFileReference; lastKnownFileType = image.png; path = "blackCircle@2x.png"; sourceTree = "<group>"; };
		B6D550E4155B9D980095FFBC /* colorCircle.png */ = {isa = PBXFileReference; lastKnownFileType = image.png; path = colorCircle.png; sourceTree = "<group>"; };
		B6D550E5155B9D980095FFBC /* colorCircle@2x.png */ = {isa = PBXFileReference; lastKnownFileType = image.png; path = "colorCircle@2x.png"; sourceTree = "<group>"; };
		B6D550E6155B9D980095FFBC /* colorSelection.png */ = {isa = PBXFileReference; lastKnownFileType = image.png; path = colorSelection.png; sourceTree = "<group>"; };
		B6D550E7155B9D980095FFBC /* colorSelection@2x.png */ = {isa = PBXFileReference; lastKnownFileType = image.png; path = "colorSelection@2x.png"; sourceTree = "<group>"; };
		B6D550EE155BA03A0095FFBC /* ColorPickerControllerViewController.h */ = {isa = PBXFileReference; fileEncoding = 4; lastKnownFileType = sourcecode.c.h; name = ColorPickerControllerViewController.h; path = IXColorPicker/ColorPickerControllerViewController.h; sourceTree = SOURCE_ROOT; };
		B6D550EF155BA03A0095FFBC /* ColorPickerControllerViewController.m */ = {isa = PBXFileReference; fileEncoding = 4; lastKnownFileType = sourcecode.c.objc; name = ColorPickerControllerViewController.m; path = IXColorPicker/ColorPickerControllerViewController.m; sourceTree = SOURCE_ROOT; };
		B6D550F1155BA6FF0095FFBC /* brightnessSlider.png */ = {isa = PBXFileReference; lastKnownFileType = image.png; path = brightnessSlider.png; sourceTree = "<group>"; };
		B6D550F2155BA6FF0095FFBC /* brightnessSlider@2x.png */ = {isa = PBXFileReference; lastKnownFileType = image.png; path = "brightnessSlider@2x.png"; sourceTree = "<group>"; };
		B6D550F3155BA6FF0095FFBC /* gradient.png */ = {isa = PBXFileReference; lastKnownFileType = image.png; path = gradient.png; sourceTree = "<group>"; };
		B6D550FE155BC5E20095FFBC /* BrightnessSliderView.h */ = {isa = PBXFileReference; fileEncoding = 4; lastKnownFileType = sourcecode.c.h; path = BrightnessSliderView.h; sourceTree = "<group>"; };
		B6D550FF155BC5E20095FFBC /* BrightnessSliderView.m */ = {isa = PBXFileReference; fileEncoding = 4; lastKnownFileType = sourcecode.c.objc; path = BrightnessSliderView.m; sourceTree = "<group>"; };
		B6D55101155BD9420095FFBC /* CustomControllsTableView.storyboard */ = {isa = PBXFileReference; fileEncoding = 4; lastKnownFileType = file.storyboard; path = CustomControllsTableView.storyboard; sourceTree = "<group>"; };
/* End PBXFileReference section */

/* Begin PBXFrameworksBuildPhase section */
		357C6DAC153D39CC00C3EDDB /* Frameworks */ = {
			isa = PBXFrameworksBuildPhase;
			buildActionMask = 2147483647;
			files = (
				357C6DF2153D3D6300C3EDDB /* QuartzCore.framework in Frameworks */,
				357C6DB4153D39CC00C3EDDB /* UIKit.framework in Frameworks */,
				357C6DB6153D39CC00C3EDDB /* Foundation.framework in Frameworks */,
				357C6DB8153D39CC00C3EDDB /* CoreGraphics.framework in Frameworks */,
			);
			runOnlyForDeploymentPostprocessing = 0;
		};
/* End PBXFrameworksBuildPhase section */

/* Begin PBXGroup section */
		357C6DA4153D39CB00C3EDDB = {
			isa = PBXGroup;
			children = (
				B6D55101155BD9420095FFBC /* CustomControllsTableView.storyboard */,
				B6D550D1155B95650095FFBC /* IXColorPicker */,
				B6D550AE155B888E0095FFBC /* IXActionSheetController */,
				357C6DD4153D3A2000C3EDDB /* IXPickerOverlayView */,
				357C6DB9153D39CC00C3EDDB /* PickerOverlaySample */,
				357C6DB2153D39CC00C3EDDB /* Frameworks */,
				357C6DB0153D39CC00C3EDDB /* Products */,
			);
			sourceTree = "<group>";
		};
		357C6DB0153D39CC00C3EDDB /* Products */ = {
			isa = PBXGroup;
			children = (
				357C6DAF153D39CC00C3EDDB /* PickerOverlaySample.app */,
			);
			name = Products;
			sourceTree = "<group>";
		};
		357C6DB2153D39CC00C3EDDB /* Frameworks */ = {
			isa = PBXGroup;
			children = (
				357C6DF1153D3D6300C3EDDB /* QuartzCore.framework */,
				357C6DB3153D39CC00C3EDDB /* UIKit.framework */,
				357C6DB5153D39CC00C3EDDB /* Foundation.framework */,
				357C6DB7153D39CC00C3EDDB /* CoreGraphics.framework */,
			);
			name = Frameworks;
			sourceTree = "<group>";
		};
		357C6DB9153D39CC00C3EDDB /* PickerOverlaySample */ = {
			isa = PBXGroup;
			children = (
				B6D550A5155B79400095FFBC /* DatePickerController.h */,
				B6D550A6155B79400095FFBC /* DatePickerController.m */,
				B6D550A7155B79400095FFBC /* DatePickerController.xib */,
				357C6DC2153D39CC00C3EDDB /* AppDelegate.h */,
				357C6DC3153D39CC00C3EDDB /* AppDelegate.m */,
				357C6DC8153D39CC00C3EDDB /* ViewController.xib */,
				357C6DBA153D39CC00C3EDDB /* Supporting Files */,
				B6D55093155B77450095FFBC /* CustomControllsTableViewController.h */,
				B6D55094155B77450095FFBC /* CustomControllsTableViewController.m */,
			);
			path = PickerOverlaySample;
			sourceTree = "<group>";
		};
		357C6DBA153D39CC00C3EDDB /* Supporting Files */ = {
			isa = PBXGroup;
			children = (
				357C6DBB153D39CC00C3EDDB /* PickerOverlaySample-Info.plist */,
				357C6DBC153D39CC00C3EDDB /* InfoPlist.strings */,
				357C6DBF153D39CC00C3EDDB /* main.m */,
				357C6DC1153D39CC00C3EDDB /* PickerOverlaySample-Prefix.pch */,
			);
			name = "Supporting Files";
			sourceTree = "<group>";
		};
		357C6DD4153D3A2000C3EDDB /* IXPickerOverlayView */ = {
			isa = PBXGroup;
			children = (
				357C6DD5153D3A2000C3EDDB /* ixPickerOverlayGlass.png */,
				357C6DD6153D3A2000C3EDDB /* ixPickerOverlayGlass@2x.png */,
				357C6DD7153D3A2000C3EDDB /* ixPickerOverlayLeftPane.png */,
				357C6DD8153D3A2000C3EDDB /* ixPickerOverlayLeftPane@2x.png */,
				357C6DD9153D3A2000C3EDDB /* ixPickerOverlayRightPane.png */,
				357C6DDA153D3A2000C3EDDB /* ixPickerOverlayRightPane@2x.png */,
				357C6DDB153D3A2000C3EDDB /* ixPickerOverlaySectionsSeparator.png */,
				357C6DDC153D3A2000C3EDDB /* ixPickerOverlaySectionsSeparator@2x.png */,
				357C6DDD153D3A2000C3EDDB /* ixPickerOverlaySectionWheel.png */,
				357C6DDE153D3A2000C3EDDB /* ixPickerOverlaySectionWheel@2x.png */,
				357C6DDF153D3A2000C3EDDB /* ixPickerOverlayTexture.png */,
				357C6DE0153D3A2000C3EDDB /* ixPickerOverlayTexture@2x.png */,
				357C6DE1153D3A2000C3EDDB /* IXPickerOverlayView.h */,
				357C6DE2153D3A2000C3EDDB /* IXPickerOverlayView.m */,
			);
			path = IXPickerOverlayView;
			sourceTree = "<group>";
		};
		B6D550AE155B888E0095FFBC /* IXActionSheetController */ = {
			isa = PBXGroup;
			children = (
				B6D550AF155B888E0095FFBC /* IXActionSheetController.h */,
				B6D550B0155B888E0095FFBC /* IXActionSheetController.m */,
				B6D550B2155B88D30095FFBC /* ActionSheetController.h */,
				B6D550B3155B88D30095FFBC /* ActionSheetController.m */,
			);
			path = IXActionSheetController;
			sourceTree = "<group>";
		};
		B6D550D1155B95650095FFBC /* IXColorPicker */ = {
			isa = PBXGroup;
			children = (
				B6D550EE155BA03A0095FFBC /* ColorPickerControllerViewController.h */,
				B6D550EF155BA03A0095FFBC /* ColorPickerControllerViewController.m */,
				B6D550FE155BC5E20095FFBC /* BrightnessSliderView.h */,
				B6D550FF155BC5E20095FFBC /* BrightnessSliderView.m */,
				B6D550F1155BA6FF0095FFBC /* brightnessSlider.png */,
				B6D550F2155BA6FF0095FFBC /* brightnessSlider@2x.png */,
				B6D550F3155BA6FF0095FFBC /* gradient.png */,
				B6D550E2155B9D980095FFBC /* blackCircle.png */,
				B6D550E3155B9D980095FFBC /* blackCircle@2x.png */,
				B6D550E4155B9D980095FFBC /* colorCircle.png */,
				B6D550E5155B9D980095FFBC /* colorCircle@2x.png */,
				B6D550E6155B9D980095FFBC /* colorSelection.png */,
				B6D550E7155B9D980095FFBC /* colorSelection@2x.png */,
				B6D550D2155B95650095FFBC /* CoreGraphicsUtils.h */,
				B6D550D3155B95650095FFBC /* CoreGraphicsUtils.m */,
				B6D550D4155B95650095FFBC /* IXColorPickerView.h */,
				B6D550D5155B95650095FFBC /* IXColorPickerView.m */,
			);
			path = IXColorPicker;
			sourceTree = "<group>";
		};
/* End PBXGroup section */

/* Begin PBXNativeTarget section */
		357C6DAE153D39CC00C3EDDB /* PickerOverlaySample */ = {
			isa = PBXNativeTarget;
			buildConfigurationList = 357C6DCD153D39CC00C3EDDB /* Build configuration list for PBXNativeTarget "PickerOverlaySample" */;
			buildPhases = (
				357C6DAB153D39CC00C3EDDB /* Sources */,
				357C6DAC153D39CC00C3EDDB /* Frameworks */,
				357C6DAD153D39CC00C3EDDB /* Resources */,
			);
			buildRules = (
			);
			dependencies = (
			);
			name = PickerOverlaySample;
			productName = PickerOverlaySample;
			productReference = 357C6DAF153D39CC00C3EDDB /* PickerOverlaySample.app */;
			productType = "com.apple.product-type.application";
		};
/* End PBXNativeTarget section */

/* Begin PBXProject section */
		357C6DA6153D39CB00C3EDDB /* Project object */ = {
			isa = PBXProject;
			attributes = {
				LastUpgradeCheck = 0430;
			};
			buildConfigurationList = 357C6DA9153D39CB00C3EDDB /* Build configuration list for PBXProject "PickerOverlaySample" */;
			compatibilityVersion = "Xcode 3.2";
			developmentRegion = English;
			hasScannedForEncodings = 0;
			knownRegions = (
				en,
			);
			mainGroup = 357C6DA4153D39CB00C3EDDB;
			productRefGroup = 357C6DB0153D39CC00C3EDDB /* Products */;
			projectDirPath = "";
			projectRoot = "";
			targets = (
				357C6DAE153D39CC00C3EDDB /* PickerOverlaySample */,
			);
		};
/* End PBXProject section */

/* Begin PBXResourcesBuildPhase section */
		357C6DAD153D39CC00C3EDDB /* Resources */ = {
			isa = PBXResourcesBuildPhase;
			buildActionMask = 2147483647;
			files = (
				357C6DBE153D39CC00C3EDDB /* InfoPlist.strings in Resources */,
				357C6DCA153D39CC00C3EDDB /* ViewController.xib in Resources */,
				357C6DE3153D3A2000C3EDDB /* ixPickerOverlayGlass.png in Resources */,
				357C6DE4153D3A2000C3EDDB /* ixPickerOverlayGlass@2x.png in Resources */,
				357C6DE5153D3A2000C3EDDB /* ixPickerOverlayLeftPane.png in Resources */,
				357C6DE6153D3A2000C3EDDB /* ixPickerOverlayLeftPane@2x.png in Resources */,
				357C6DE7153D3A2000C3EDDB /* ixPickerOverlayRightPane.png in Resources */,
				357C6DE8153D3A2000C3EDDB /* ixPickerOverlayRightPane@2x.png in Resources */,
				357C6DE9153D3A2000C3EDDB /* ixPickerOverlaySectionsSeparator.png in Resources */,
				357C6DEA153D3A2000C3EDDB /* ixPickerOverlaySectionsSeparator@2x.png in Resources */,
				357C6DEB153D3A2000C3EDDB /* ixPickerOverlaySectionWheel.png in Resources */,
				357C6DEC153D3A2000C3EDDB /* ixPickerOverlaySectionWheel@2x.png in Resources */,
				357C6DED153D3A2000C3EDDB /* ixPickerOverlayTexture.png in Resources */,
				357C6DEE153D3A2000C3EDDB /* ixPickerOverlayTexture@2x.png in Resources */,
				B6D550E8155B9D980095FFBC /* blackCircle.png in Resources */,
				B6D550E9155B9D980095FFBC /* blackCircle@2x.png in Resources */,
				B6D550EA155B9D980095FFBC /* colorCircle.png in Resources */,
				B6D550EB155B9D980095FFBC /* colorCircle@2x.png in Resources */,
				B6D550EC155B9D980095FFBC /* colorSelection.png in Resources */,
				B6D550ED155B9D980095FFBC /* colorSelection@2x.png in Resources */,
				B6D550F4155BA6FF0095FFBC /* brightnessSlider.png in Resources */,
				B6D550F5155BA6FF0095FFBC /* brightnessSlider@2x.png in Resources */,
				B6D550F6155BA6FF0095FFBC /* gradient.png in Resources */,
				B6D55102155BD9420095FFBC /* CustomControllsTableView.storyboard in Resources */,
			);
			runOnlyForDeploymentPostprocessing = 0;
		};
/* End PBXResourcesBuildPhase section */

/* Begin PBXSourcesBuildPhase section */
		357C6DAB153D39CC00C3EDDB /* Sources */ = {
			isa = PBXSourcesBuildPhase;
			buildActionMask = 2147483647;
			files = (
				357C6DC0153D39CC00C3EDDB /* main.m in Sources */,
				357C6DC4153D39CC00C3EDDB /* AppDelegate.m in Sources */,
				357C6DEF153D3A2000C3EDDB /* IXPickerOverlayView.m in Sources */,
				B6D55096155B77450095FFBC /* CustomControllsTableViewController.m in Sources */,
				B6D550B1155B888E0095FFBC /* IXActionSheetController.m in Sources */,
				B6D550B4155B88D30095FFBC /* ActionSheetController.m in Sources */,
				B6D550D6155B95650095FFBC /* CoreGraphicsUtils.m in Sources */,
				B6D550D7155B95650095FFBC /* IXColorPickerView.m in Sources */,
				B6D550F0155BA03A0095FFBC /* ColorPickerControllerViewController.m in Sources */,
				B6D55100155BC5E20095FFBC /* BrightnessSliderView.m in Sources */,
			);
			runOnlyForDeploymentPostprocessing = 0;
		};
/* End PBXSourcesBuildPhase section */

/* Begin PBXVariantGroup section */
		357C6DBC153D39CC00C3EDDB /* InfoPlist.strings */ = {
			isa = PBXVariantGroup;
			children = (
				357C6DBD153D39CC00C3EDDB /* en */,
			);
			name = InfoPlist.strings;
			sourceTree = "<group>";
		};
		357C6DC8153D39CC00C3EDDB /* ViewController.xib */ = {
			isa = PBXVariantGroup;
			children = (
				357C6DC9153D39CC00C3EDDB /* en */,
			);
			name = ViewController.xib;
			sourceTree = "<group>";
		};
/* End PBXVariantGroup section */

/* Begin XCBuildConfiguration section */
		357C6DCB153D39CC00C3EDDB /* Debug */ = {
			isa = XCBuildConfiguration;
			buildSettings = {
				ALWAYS_SEARCH_USER_PATHS = NO;
				ARCHS = "$(ARCHS_STANDARD_32_BIT)";
				CLANG_ENABLE_OBJC_ARC = YES;
				"CODE_SIGN_IDENTITY[sdk=iphoneos*]" = "iPhone Developer";
				COPY_PHASE_STRIP = NO;
				GCC_C_LANGUAGE_STANDARD = gnu99;
				GCC_DYNAMIC_NO_PIC = NO;
				GCC_OPTIMIZATION_LEVEL = 0;
				GCC_PREPROCESSOR_DEFINITIONS = (
					"DEBUG=1",
					"$(inherited)",
				);
				GCC_SYMBOLS_PRIVATE_EXTERN = NO;
				GCC_VERSION = com.apple.compilers.llvm.clang.1_0;
				GCC_WARN_ABOUT_RETURN_TYPE = YES;
				GCC_WARN_UNINITIALIZED_AUTOS = YES;
				GCC_WARN_UNUSED_VARIABLE = YES;
				IPHONEOS_DEPLOYMENT_TARGET = 5.1;
				SDKROOT = iphoneos;
			};
			name = Debug;
		};
		357C6DCC153D39CC00C3EDDB /* Release */ = {
			isa = XCBuildConfiguration;
			buildSettings = {
				ALWAYS_SEARCH_USER_PATHS = NO;
				ARCHS = "$(ARCHS_STANDARD_32_BIT)";
				CLANG_ENABLE_OBJC_ARC = YES;
				"CODE_SIGN_IDENTITY[sdk=iphoneos*]" = "iPhone Developer";
				COPY_PHASE_STRIP = YES;
				GCC_C_LANGUAGE_STANDARD = gnu99;
				GCC_VERSION = com.apple.compilers.llvm.clang.1_0;
				GCC_WARN_ABOUT_RETURN_TYPE = YES;
				GCC_WARN_UNINITIALIZED_AUTOS = YES;
				GCC_WARN_UNUSED_VARIABLE = YES;
				IPHONEOS_DEPLOYMENT_TARGET = 5.1;
				OTHER_CFLAGS = "-DNS_BLOCK_ASSERTIONS=1";
				SDKROOT = iphoneos;
				VALIDATE_PRODUCT = YES;
			};
			name = Release;
		};
		357C6DCE153D39CC00C3EDDB /* Debug */ = {
			isa = XCBuildConfiguration;
			buildSettings = {
				GCC_PRECOMPILE_PREFIX_HEADER = YES;
				GCC_PREFIX_HEADER = "PickerOverlaySample/PickerOverlaySample-Prefix.pch";
				INFOPLIST_FILE = "PickerOverlaySample/PickerOverlaySample-Info.plist";
				PRODUCT_NAME = "$(TARGET_NAME)";
				WRAPPER_EXTENSION = app;
			};
			name = Debug;
		};
		357C6DCF153D39CC00C3EDDB /* Release */ = {
			isa = XCBuildConfiguration;
			buildSettings = {
				GCC_PRECOMPILE_PREFIX_HEADER = YES;
				GCC_PREFIX_HEADER = "PickerOverlaySample/PickerOverlaySample-Prefix.pch";
				INFOPLIST_FILE = "PickerOverlaySample/PickerOverlaySample-Info.plist";
				PRODUCT_NAME = "$(TARGET_NAME)";
				WRAPPER_EXTENSION = app;
			};
			name = Release;
		};
/* End XCBuildConfiguration section */

/* Begin XCConfigurationList section */
		357C6DA9153D39CB00C3EDDB /* Build configuration list for PBXProject "PickerOverlaySample" */ = {
			isa = XCConfigurationList;
			buildConfigurations = (
				357C6DCB153D39CC00C3EDDB /* Debug */,
				357C6DCC153D39CC00C3EDDB /* Release */,
			);
			defaultConfigurationIsVisible = 0;
			defaultConfigurationName = Release;
		};
		357C6DCD153D39CC00C3EDDB /* Build configuration list for PBXNativeTarget "PickerOverlaySample" */ = {
			isa = XCConfigurationList;
			buildConfigurations = (
				357C6DCE153D39CC00C3EDDB /* Debug */,
				357C6DCF153D39CC00C3EDDB /* Release */,
			);
			defaultConfigurationIsVisible = 0;
			defaultConfigurationName = Release;
		};
/* End XCConfigurationList section */
	};
	rootObject = 357C6DA6153D39CB00C3EDDB /* Project object */;
}
